{
  "version": 4,
  "terraform_version": "1.1.6",
  "serial": 17,
  "lineage": "9375d02b-9133-8af6-b312-97829ad73da3",
  "outputs": {
    "master_url": {
      "value": "node.matheusdemellovieira.com",
      "type": "string"
    },
    "node_url": {
      "value": [
        "node0.matheusdemellovieira.com",
        "node1.matheusdemellovieira.com"
      ],
      "type": [
        "tuple",
        [
          "string",
          "string"
        ]
      ]
    },
    "private_key_pem": {
      "value": "-----BEGIN RSA PRIVATE KEY-----\nMIIJKQIBAAKCAgEA2BjrWMWHi074CKpC1kpZ9BrTZ9Acu0Vpf6uAyGPAZeWZnl19\nbJa0Rv4Vtv2nUNkuJsMKbl74El0Slj2njyGDWOxCXH31b8nBLJu3K6bu/zOZxgoG\npMto3GPcdsxaa2mbbPkxZCxM+QkDzjfkm3bJ1XP3b7uvS0/4jUeASKRWRBUelcd+\nAU/rs9A/T6fKwEV8ItFPszJetI34kZQ6cdUGnjlDb2ErZhqOzinQRGvwby6CLVmQ\nzWBzpKnDIvVh/jQiqOsV/wiUiF1I1b0loxTfpGLHHM+WaJ7hIgn4B17/jpvpkscK\nxSClfT0AByXEkx6g0iTAsz49791Ts+Q1igQVrmstP1nYiifcQoKlkM950CZql3Eq\nhq5A67VSIU4H3tFMiOP/Q8UZdXGT2dWn6uAdq2SOFupbLaSqAhRYG00wfHIPORYO\nZIZDYAAnl+DvVpf2NxQhU5Qv3XU0o/WXWlzL1EQLksqQiV3gNHnSRTOr4qTZPDP2\n2H8PVWLPyJFdETlq6fN2rknrwrqLhpMCDLHTS1eN529Xnq07kq9sSILBTf0/SffG\n3+7MoN5ooYwUFDRteCsFR8TpO+NLzFxG3MxXCA9hw7HDVW4msL3MFIFTbJas8FSc\nSjx77V9ovPtevDF3xFnt0LglRo4SOmCtDD4c3jLknVvp0VfGJy/nQfDgacsCAwEA\nAQKCAgBRVdfHGtnwkjGDOWpcs7F10l79tPQLfI2/0vJu+jShZbDTTYb2xyZljh7o\nOEKwiH35cvHLJw2iA8wKJnyZv9hrMMmtfG9TuxFtU9K2qGdOQMLBKmbjwffe8+s3\n/6SMxzwL4SM4+/+gwEbhaGIwLZ68K6DXOkI5S4lWy7G6JbieeYCAiYygu88QZ/Jc\nbeA/TCf0BupDnVLODJ2hVbRFwhNynEUId/9Yt+hGKrDMAACIKG4w2YRJ+OKt+IOM\n9eUDQ+ZDw/AMhNM7HDlc0YuH/URL4C3nZy7Kg/pi0HO9eoEf0QkyCJ7CIY6IO9x1\n1D5PzXhkgBbToDq5vIlTrTKFlxH9WYlvL3Ikei2s1DlcdgslphEfaofycRbpDFzU\nuK6pbX0cX3Ij6PxIWm3tKGYR8YY5X+fPZulSQS9GZMNyxpWI0Dt9CrPSAHs8ztoS\nzOskHU8u/womYj2gETmAOFeOn2gnO+PqAvj3sTs/FsGty/50BU3hxkGqCcmOiu9z\nGA0tmKJM76xvid7MN9E7qq8nGPPuctBBt3Ap5t6AcugAPdpT8xpp/rrP1Y9UTLpN\n88kgZt0cB6lGhqQYN5eDQD6E3E1HekRFSazPBUNYfgRdqczpyTlaqy4icS2XUdtu\nEz4O+ZAIRTqpkTAMHgW/jsAXClnBwTSnYct2VVMx6ARNx1ub+QKCAQEA2H0OUt+R\ncgyltDfS7S46Sp2BThOw6iMD30aBxVjcj2ELpSc8KAGrGBn9x4/MxrauRUnVqMqo\nMj6I611i9lohryBLvSy1s2xks6jcKk4H2CRcWvycWPAo7Xk6pG3saDH/GPW4CpkQ\nK4Jdm1KWIcKJwVA1h4zFWbENA6g8t0o8EovUuvE0fC0GYuj1sgPf4gz5uCxJ204F\ntPg26iyFR5m8z+PZvJbxkoF71806kjXQW8wbnNEePW4nl62CpHuupOavD0a1fgOK\nRZXo50pCWOfTfoxj8ffN+pyq6iJF8nCMyhGwMhP0PmE01fJDvFECHTrpikSZFRCH\nO9WYTw5vnaZe5wKCAQEA/4mWXJGgNi2GbpLDoRptRwgM9LcoiDsRKNAnrkJeR59Q\nfR5MDou7ivI4ZbHOK5VO0XrUs9+SEm+2RElBycs5lauxrkPH9OC+mx8vNoBAqU5m\nhAlVZEjIb+3LCkfhL3f2O6ByTfDy8Rk0aH1/qmLQYEBl+bT4spGEQmgmiMcrJdr8\n6kv3wDVWWVe+g0olYTRi4l2Sqd06H2qAfAajps//YRQblbVObZJUlrPd+NRfY+FV\niCPDPf8U4TvaHOaeiA8N0JYav//sg2xYXIsk1u9NWjmFADekcEiCsdsKYM0zbJkh\ninc6g7EFoLvUA9p1hJP+R5rk5hAdy9hn0qMQfof1fQKCAQBW/8Ke2UuY+q4ow3pX\naIlybOOG3fDt1s56jtod1b0lPYmxgBfzt9/rGp7a8NYJUWatX6OmZnK7ZlgdxfS8\nLbJ1r1PgnTQT+85oSMbZlWwfl1UqF3Q5ZaH89Qf1BlvH77elbzHbyHEwGv7FKaY9\nwPEdJ7+rTo4MolMpkhV8Ty/fACSoT8CY2ntDin0aYeY58J72PY4cvLkcZdejueqB\nwK2ZGebpm/tOtgxvyADuuwOVsGu0VHGDnF363Xav5ShlCnN1fyP2lTOfDUSAll4d\nXmSm6YJMvhofyZAB8W4MpOBfYEZfiZdQ7j2OcQJ5jlB8MK2jrDecuHywNgE0XAfM\n4gwnAoIBAQD5u0znSqp4SCWJCoWFfH4vXP7MafOCr7clW8hr1RCujlPq8yEBVi4C\nrJXRTONgVJqivpgA8g2fVu2Z7r4MqD+utgz/cd6IwtuEXgWWDeEjlSs6/qQlTbwV\nJx+2/GhmK6bIvxT2dvP2C9vcAkoyCj/60PTYBLTITs4i2AZQxdS1Oj7R+0w02+t3\nhPj69gtx4/B/qVMcDsguy7alfxeQftXl2fDbbkUncEqavU3BUEupIR6l3c2BWTje\npc+TTw6/iXbG0utxmHtcNRZl2tY198hw1KXWgIqD8VlI1/hcgi4vg7fzynG1IduO\nKgIZgfY3iyqGcCojbLyx6twMTrBf+B9BAoIBAQDJahpRXJWlsGCdjgsClAdcJwBL\nuGqhd4nOBdGpw0VzJOBDfA5rhlkL/ftgGJXpJMSKm3Ziq/u7ZCSEtF6WTwtYU7PG\nCabHEaBTejWwYXDlJsokTynogOAZoDBf2NcpQqUKYyYViXHSgzaudicjWN363rve\nJPWox338i9QFSvTtfw/kPG/whnWt4bb7BuWkCPYaaXALGagdKmznxSFz3WE3sYVl\n8OMEruKe70XYEGQ2DQ2mMZWIk4yXHLI32nHsEjuZE/idMy2S0t3jbkf4S7HqSo+Z\ndeQFkBvbGKSWo/JucyLjLf1dDfKfUWrrEqb5bK7MeieF5xTtpGMRaevDfkys\n-----END RSA PRIVATE KEY-----\n",
      "type": "string",
      "sensitive": true
    }
  },
  "resources": [
    {
      "mode": "managed",
      "type": "aws_instance",
      "name": "master",
      "provider": "provider[\"registry.terraform.io/hashicorp/aws\"]",
      "instances": [
        {
          "schema_version": 1,
          "attributes": {
            "ami": "ami-04505e74c0741db8d",
            "arn": "arn:aws:ec2:us-east-1:077319714065:instance/i-0ba640dc201b50be2",
            "associate_public_ip_address": true,
            "availability_zone": "us-east-1c",
            "capacity_reservation_specification": [
              {
                "capacity_reservation_preference": "open",
                "capacity_reservation_target": []
              }
            ],
            "cpu_core_count": 2,
            "cpu_threads_per_core": 1,
            "credit_specification": [
              {
                "cpu_credits": "standard"
              }
            ],
            "disable_api_termination": false,
            "ebs_block_device": [],
            "ebs_optimized": false,
            "enclave_options": [
              {
                "enabled": false
              }
            ],
            "ephemeral_block_device": [],
            "get_password_data": false,
            "hibernation": false,
            "host_id": null,
            "iam_instance_profile": "",
            "id": "i-0ba640dc201b50be2",
            "instance_initiated_shutdown_behavior": "stop",
            "instance_state": "running",
            "instance_type": "t2.medium",
            "ipv6_address_count": 0,
            "ipv6_addresses": [],
            "key_name": "senha",
            "launch_template": [],
            "metadata_options": [
              {
                "http_endpoint": "enabled",
                "http_put_response_hop_limit": 1,
                "http_tokens": "optional",
                "instance_metadata_tags": "disabled"
              }
            ],
            "monitoring": false,
            "network_interface": [],
            "outpost_arn": "",
            "password_data": "",
            "placement_group": "",
            "placement_partition_number": null,
            "primary_network_interface_id": "eni-0dd546a448959ade4",
            "private_dns": "ip-172-31-91-240.ec2.internal",
            "private_ip": "172.31.91.240",
            "public_dns": "ec2-54-226-152-235.compute-1.amazonaws.com",
            "public_ip": "54.226.152.235",
            "root_block_device": [
              {
                "delete_on_termination": true,
                "device_name": "/dev/sda1",
                "encrypted": false,
                "iops": 100,
                "kms_key_id": "",
                "tags": {},
                "throughput": 0,
                "volume_id": "vol-0448db378dc57ec3a",
                "volume_size": 8,
                "volume_type": "gp2"
              }
            ],
            "secondary_private_ips": [],
            "security_groups": [
              "main"
            ],
            "source_dest_check": true,
            "subnet_id": "subnet-0236b1b98e98a891e",
            "tags": {
              "Name": "Master"
            },
            "tags_all": {
              "Name": "Master"
            },
            "tenancy": "default",
            "timeouts": null,
            "user_data": null,
            "user_data_base64": null,
            "volume_tags": null,
            "vpc_security_group_ids": [
              "sg-09bfaa7b44a7f9edc"
            ]
          },
          "sensitive_attributes": [],
          "private": "eyJlMmJmYjczMC1lY2FhLTExZTYtOGY4OC0zNDM2M2JjN2M0YzAiOnsiY3JlYXRlIjo2MDAwMDAwMDAwMDAsImRlbGV0ZSI6MTIwMDAwMDAwMDAwMCwidXBkYXRlIjo2MDAwMDAwMDAwMDB9LCJzY2hlbWFfdmVyc2lvbiI6IjEifQ==",
          "dependencies": [
            "aws_key_pair.main",
            "aws_security_group.main",
            "tls_private_key.main"
          ]
        }
      ]
    },
    {
      "mode": "managed",
      "type": "aws_instance",
      "name": "node",
      "provider": "provider[\"registry.terraform.io/hashicorp/aws\"]",
      "instances": [
        {
          "index_key": 0,
          "schema_version": 1,
          "attributes": {
            "ami": "ami-04505e74c0741db8d",
            "arn": "arn:aws:ec2:us-east-1:077319714065:instance/i-058ca7fa73ef0030e",
            "associate_public_ip_address": true,
            "availability_zone": "us-east-1d",
            "capacity_reservation_specification": [
              {
                "capacity_reservation_preference": "open",
                "capacity_reservation_target": []
              }
            ],
            "cpu_core_count": 1,
            "cpu_threads_per_core": 1,
            "credit_specification": [
              {
                "cpu_credits": "standard"
              }
            ],
            "disable_api_termination": false,
            "ebs_block_device": [],
            "ebs_optimized": false,
            "enclave_options": [
              {
                "enabled": false
              }
            ],
            "ephemeral_block_device": [],
            "get_password_data": false,
            "hibernation": false,
            "host_id": null,
            "iam_instance_profile": "",
            "id": "i-058ca7fa73ef0030e",
            "instance_initiated_shutdown_behavior": "stop",
            "instance_state": "running",
            "instance_type": "t2.micro",
            "ipv6_address_count": 0,
            "ipv6_addresses": [],
            "key_name": "senha",
            "launch_template": [],
            "metadata_options": [
              {
                "http_endpoint": "enabled",
                "http_put_response_hop_limit": 1,
                "http_tokens": "optional",
                "instance_metadata_tags": "disabled"
              }
            ],
            "monitoring": false,
            "network_interface": [],
            "outpost_arn": "",
            "password_data": "",
            "placement_group": "",
            "placement_partition_number": null,
            "primary_network_interface_id": "eni-0a5adc78e20414704",
            "private_dns": "ip-172-31-23-40.ec2.internal",
            "private_ip": "172.31.23.40",
            "public_dns": "ec2-34-228-82-240.compute-1.amazonaws.com",
            "public_ip": "34.228.82.240",
            "root_block_device": [
              {
                "delete_on_termination": true,
                "device_name": "/dev/sda1",
                "encrypted": false,
                "iops": 100,
                "kms_key_id": "",
                "tags": {},
                "throughput": 0,
                "volume_id": "vol-0c32c9be32a969101",
                "volume_size": 8,
                "volume_type": "gp2"
              }
            ],
            "secondary_private_ips": [],
            "security_groups": [
              "main"
            ],
            "source_dest_check": true,
            "subnet_id": "subnet-046a999b72c1e8640",
            "tags": {
              "Name": "Node 0"
            },
            "tags_all": {
              "Name": "Node 0"
            },
            "tenancy": "default",
            "timeouts": null,
            "user_data": null,
            "user_data_base64": null,
            "volume_tags": null,
            "vpc_security_group_ids": [
              "sg-09bfaa7b44a7f9edc"
            ]
          },
          "sensitive_attributes": [],
          "private": "eyJlMmJmYjczMC1lY2FhLTExZTYtOGY4OC0zNDM2M2JjN2M0YzAiOnsiY3JlYXRlIjo2MDAwMDAwMDAwMDAsImRlbGV0ZSI6MTIwMDAwMDAwMDAwMCwidXBkYXRlIjo2MDAwMDAwMDAwMDB9LCJzY2hlbWFfdmVyc2lvbiI6IjEifQ==",
          "dependencies": [
            "aws_key_pair.main",
            "aws_security_group.main",
            "tls_private_key.main"
          ]
        },
        {
          "index_key": 1,
          "schema_version": 1,
          "attributes": {
            "ami": "ami-04505e74c0741db8d",
            "arn": "arn:aws:ec2:us-east-1:077319714065:instance/i-0400db4b0e659b430",
            "associate_public_ip_address": true,
            "availability_zone": "us-east-1d",
            "capacity_reservation_specification": [
              {
                "capacity_reservation_preference": "open",
                "capacity_reservation_target": []
              }
            ],
            "cpu_core_count": 1,
            "cpu_threads_per_core": 1,
            "credit_specification": [
              {
                "cpu_credits": "standard"
              }
            ],
            "disable_api_termination": false,
            "ebs_block_device": [],
            "ebs_optimized": false,
            "enclave_options": [
              {
                "enabled": false
              }
            ],
            "ephemeral_block_device": [],
            "get_password_data": false,
            "hibernation": false,
            "host_id": null,
            "iam_instance_profile": "",
            "id": "i-0400db4b0e659b430",
            "instance_initiated_shutdown_behavior": "stop",
            "instance_state": "running",
            "instance_type": "t2.micro",
            "ipv6_address_count": 0,
            "ipv6_addresses": [],
            "key_name": "senha",
            "launch_template": [],
            "metadata_options": [
              {
                "http_endpoint": "enabled",
                "http_put_response_hop_limit": 1,
                "http_tokens": "optional",
                "instance_metadata_tags": "disabled"
              }
            ],
            "monitoring": false,
            "network_interface": [],
            "outpost_arn": "",
            "password_data": "",
            "placement_group": "",
            "placement_partition_number": null,
            "primary_network_interface_id": "eni-0542b9cb06eb033ed",
            "private_dns": "ip-172-31-22-56.ec2.internal",
            "private_ip": "172.31.22.56",
            "public_dns": "ec2-54-163-53-32.compute-1.amazonaws.com",
            "public_ip": "54.163.53.32",
            "root_block_device": [
              {
                "delete_on_termination": true,
                "device_name": "/dev/sda1",
                "encrypted": false,
                "iops": 100,
                "kms_key_id": "",
                "tags": {},
                "throughput": 0,
                "volume_id": "vol-05953d25f938ae354",
                "volume_size": 8,
                "volume_type": "gp2"
              }
            ],
            "secondary_private_ips": [],
            "security_groups": [
              "main"
            ],
            "source_dest_check": true,
            "subnet_id": "subnet-046a999b72c1e8640",
            "tags": {
              "Name": "Node 1"
            },
            "tags_all": {
              "Name": "Node 1"
            },
            "tenancy": "default",
            "timeouts": null,
            "user_data": null,
            "user_data_base64": null,
            "volume_tags": null,
            "vpc_security_group_ids": [
              "sg-09bfaa7b44a7f9edc"
            ]
          },
          "sensitive_attributes": [],
          "private": "eyJlMmJmYjczMC1lY2FhLTExZTYtOGY4OC0zNDM2M2JjN2M0YzAiOnsiY3JlYXRlIjo2MDAwMDAwMDAwMDAsImRlbGV0ZSI6MTIwMDAwMDAwMDAwMCwidXBkYXRlIjo2MDAwMDAwMDAwMDB9LCJzY2hlbWFfdmVyc2lvbiI6IjEifQ==",
          "dependencies": [
            "aws_key_pair.main",
            "aws_security_group.main",
            "tls_private_key.main"
          ]
        }
      ]
    },
    {
      "mode": "managed",
      "type": "aws_key_pair",
      "name": "main",
      "provider": "provider[\"registry.terraform.io/hashicorp/aws\"]",
      "instances": [
        {
          "schema_version": 1,
          "attributes": {
            "arn": "arn:aws:ec2:us-east-1:077319714065:key-pair/senha",
            "fingerprint": "20:89:ed:fa:0f:9c:21:a3:4e:3d:ac:d9:63:4b:af:71",
            "id": "senha",
            "key_name": "senha",
            "key_name_prefix": "",
            "key_pair_id": "key-043307898a627c03a",
            "public_key": "ssh-rsa AAAAB3NzaC1yc2EAAAADAQABAAACAQDYGOtYxYeLTvgIqkLWSln0GtNn0By7RWl/q4DIY8Bl5ZmeXX1slrRG/hW2/adQ2S4mwwpuXvgSXRKWPaePIYNY7EJcffVvycEsm7crpu7/M5nGCgaky2jcY9x2zFpraZts+TFkLEz5CQPON+SbdsnVc/dvu69LT/iNR4BIpFZEFR6Vx34BT+uz0D9Pp8rARXwi0U+zMl60jfiRlDpx1QaeOUNvYStmGo7OKdBEa/BvLoItWZDNYHOkqcMi9WH+NCKo6xX/CJSIXUjVvSWjFN+kYsccz5ZonuEiCfgHXv+Om+mSxwrFIKV9PQAHJcSTHqDSJMCzPj3v3VOz5DWKBBWuay0/WdiKJ9xCgqWQz3nQJmqXcSqGrkDrtVIhTgfe0UyI4/9DxRl1cZPZ1afq4B2rZI4W6lstpKoCFFgbTTB8cg85Fg5khkNgACeX4O9Wl/Y3FCFTlC/ddTSj9ZdaXMvURAuSypCJXeA0edJFM6vipNk8M/bYfw9VYs/IkV0ROWrp83auSevCuouGkwIMsdNLV43nb1eerTuSr2xIgsFN/T9J98bf7syg3mihjBQUNG14KwVHxOk740vMXEbczFcID2HDscNVbiawvcwUgVNslqzwVJxKPHvtX2i8+168MXfEWe3QuCVGjhI6YK0MPhzeMuSdW+nRV8YnL+dB8OBpyw==",
            "tags": null,
            "tags_all": {}
          },
          "sensitive_attributes": [],
          "private": "eyJzY2hlbWFfdmVyc2lvbiI6IjEifQ==",
          "dependencies": [
            "tls_private_key.main"
          ]
        }
      ]
    },
    {
      "mode": "managed",
      "type": "aws_route53_record",
      "name": "master",
      "provider": "provider[\"registry.terraform.io/hashicorp/aws\"]",
      "instances": [
        {
          "schema_version": 2,
          "attributes": {
            "alias": [],
            "allow_overwrite": null,
            "failover_routing_policy": [],
            "fqdn": "node.matheusdemellovieira.com",
            "geolocation_routing_policy": [],
            "health_check_id": null,
            "id": "Z0540906262LEM3GW6SXF_node_A",
            "latency_routing_policy": [],
            "multivalue_answer_routing_policy": null,
            "name": "node",
            "records": [
              "54.226.152.235"
            ],
            "set_identifier": null,
            "ttl": 300,
            "type": "A",
            "weighted_routing_policy": [],
            "zone_id": "Z0540906262LEM3GW6SXF"
          },
          "sensitive_attributes": [],
          "private": "eyJzY2hlbWFfdmVyc2lvbiI6IjIifQ==",
          "dependencies": [
            "aws_instance.master",
            "aws_key_pair.main",
            "aws_route53_zone.main",
            "aws_security_group.main",
            "tls_private_key.main"
          ]
        }
      ]
    },
    {
      "mode": "managed",
      "type": "aws_route53_record",
      "name": "node",
      "provider": "provider[\"registry.terraform.io/hashicorp/aws\"]",
      "instances": [
        {
          "index_key": 0,
          "schema_version": 2,
          "attributes": {
            "alias": [],
            "allow_overwrite": null,
            "failover_routing_policy": [],
            "fqdn": "node0.matheusdemellovieira.com",
            "geolocation_routing_policy": [],
            "health_check_id": null,
            "id": "Z0540906262LEM3GW6SXF_node0_A",
            "latency_routing_policy": [],
            "multivalue_answer_routing_policy": null,
            "name": "node0",
            "records": [
              "34.228.82.240"
            ],
            "set_identifier": null,
            "ttl": 300,
            "type": "A",
            "weighted_routing_policy": [],
            "zone_id": "Z0540906262LEM3GW6SXF"
          },
          "sensitive_attributes": [],
          "private": "eyJzY2hlbWFfdmVyc2lvbiI6IjIifQ==",
          "dependencies": [
            "aws_instance.node",
            "aws_key_pair.main",
            "aws_route53_zone.main",
            "aws_security_group.main",
            "tls_private_key.main"
          ]
        },
        {
          "index_key": 1,
          "schema_version": 2,
          "attributes": {
            "alias": [],
            "allow_overwrite": null,
            "failover_routing_policy": [],
            "fqdn": "node1.matheusdemellovieira.com",
            "geolocation_routing_policy": [],
            "health_check_id": null,
            "id": "Z0540906262LEM3GW6SXF_node1_A",
            "latency_routing_policy": [],
            "multivalue_answer_routing_policy": null,
            "name": "node1",
            "records": [
              "54.163.53.32"
            ],
            "set_identifier": null,
            "ttl": 300,
            "type": "A",
            "weighted_routing_policy": [],
            "zone_id": "Z0540906262LEM3GW6SXF"
          },
          "sensitive_attributes": [],
          "private": "eyJzY2hlbWFfdmVyc2lvbiI6IjIifQ==",
          "dependencies": [
            "aws_instance.node",
            "aws_key_pair.main",
            "aws_route53_zone.main",
            "aws_security_group.main",
            "tls_private_key.main"
          ]
        }
      ]
    },
    {
      "mode": "managed",
      "type": "aws_route53_zone",
      "name": "main",
      "provider": "provider[\"registry.terraform.io/hashicorp/aws\"]",
      "instances": [
        {
          "schema_version": 0,
          "attributes": {
            "arn": "arn:aws:route53:::hostedzone/Z0540906262LEM3GW6SXF",
            "comment": "Managed by Terraform",
            "delegation_set_id": "",
            "force_destroy": null,
            "id": "Z0540906262LEM3GW6SXF",
            "name": "matheusdemellovieira.com",
            "name_servers": [
              "ns-1369.awsdns-43.org",
              "ns-1807.awsdns-33.co.uk",
              "ns-406.awsdns-50.com",
              "ns-585.awsdns-09.net"
            ],
            "tags": {},
            "tags_all": {},
            "vpc": [],
            "zone_id": "Z0540906262LEM3GW6SXF"
          },
          "sensitive_attributes": [],
          "private": "eyJzY2hlbWFfdmVyc2lvbiI6IjAifQ=="
        }
      ]
    },
    {
      "mode": "managed",
      "type": "aws_security_group",
      "name": "main",
      "provider": "provider[\"registry.terraform.io/hashicorp/aws\"]",
      "instances": [
        {
          "schema_version": 1,
          "attributes": {
            "arn": "arn:aws:ec2:us-east-1:077319714065:security-group/sg-09bfaa7b44a7f9edc",
            "description": "allow SSH and puppet ports",
            "egress": [
              {
                "cidr_blocks": [
                  "0.0.0.0/0"
                ],
                "description": "",
                "from_port": 0,
                "ipv6_cidr_blocks": [],
                "prefix_list_ids": [],
                "protocol": "-1",
                "security_groups": [],
                "self": false,
                "to_port": 0
              }
            ],
            "id": "sg-09bfaa7b44a7f9edc",
            "ingress": [
              {
                "cidr_blocks": [
                  "0.0.0.0/0"
                ],
                "description": "HTTP to EC2",
                "from_port": 80,
                "ipv6_cidr_blocks": [],
                "prefix_list_ids": [],
                "protocol": "tcp",
                "security_groups": [],
                "self": false,
                "to_port": 80
              },
              {
                "cidr_blocks": [
                  "0.0.0.0/0"
                ],
                "description": "SSH to EC2",
                "from_port": 22,
                "ipv6_cidr_blocks": [],
                "prefix_list_ids": [],
                "protocol": "tcp",
                "security_groups": [],
                "self": false,
                "to_port": 22
              }
            ],
            "name": "main",
            "name_prefix": "",
            "owner_id": "077319714065",
            "revoke_rules_on_delete": false,
            "tags": {
              "Name": "main"
            },
            "tags_all": {
              "Name": "main"
            },
            "timeouts": null,
            "vpc_id": "vpc-097524c3fcbf53a9a"
          },
          "sensitive_attributes": [],
          "private": "eyJlMmJmYjczMC1lY2FhLTExZTYtOGY4OC0zNDM2M2JjN2M0YzAiOnsiY3JlYXRlIjo2MDAwMDAwMDAwMDAsImRlbGV0ZSI6OTAwMDAwMDAwMDAwfSwic2NoZW1hX3ZlcnNpb24iOiIxIn0="
        }
      ]
    },
    {
      "mode": "managed",
      "type": "tls_private_key",
      "name": "main",
      "provider": "provider[\"registry.terraform.io/hashicorp/tls\"]",
      "instances": [
        {
          "schema_version": 0,
          "attributes": {
            "algorithm": "RSA",
            "ecdsa_curve": "P224",
            "id": "32e55582dd180fb457c347b3e3563eb7327a5615",
            "private_key_pem": "-----BEGIN RSA PRIVATE KEY-----\nMIIJKQIBAAKCAgEA2BjrWMWHi074CKpC1kpZ9BrTZ9Acu0Vpf6uAyGPAZeWZnl19\nbJa0Rv4Vtv2nUNkuJsMKbl74El0Slj2njyGDWOxCXH31b8nBLJu3K6bu/zOZxgoG\npMto3GPcdsxaa2mbbPkxZCxM+QkDzjfkm3bJ1XP3b7uvS0/4jUeASKRWRBUelcd+\nAU/rs9A/T6fKwEV8ItFPszJetI34kZQ6cdUGnjlDb2ErZhqOzinQRGvwby6CLVmQ\nzWBzpKnDIvVh/jQiqOsV/wiUiF1I1b0loxTfpGLHHM+WaJ7hIgn4B17/jpvpkscK\nxSClfT0AByXEkx6g0iTAsz49791Ts+Q1igQVrmstP1nYiifcQoKlkM950CZql3Eq\nhq5A67VSIU4H3tFMiOP/Q8UZdXGT2dWn6uAdq2SOFupbLaSqAhRYG00wfHIPORYO\nZIZDYAAnl+DvVpf2NxQhU5Qv3XU0o/WXWlzL1EQLksqQiV3gNHnSRTOr4qTZPDP2\n2H8PVWLPyJFdETlq6fN2rknrwrqLhpMCDLHTS1eN529Xnq07kq9sSILBTf0/SffG\n3+7MoN5ooYwUFDRteCsFR8TpO+NLzFxG3MxXCA9hw7HDVW4msL3MFIFTbJas8FSc\nSjx77V9ovPtevDF3xFnt0LglRo4SOmCtDD4c3jLknVvp0VfGJy/nQfDgacsCAwEA\nAQKCAgBRVdfHGtnwkjGDOWpcs7F10l79tPQLfI2/0vJu+jShZbDTTYb2xyZljh7o\nOEKwiH35cvHLJw2iA8wKJnyZv9hrMMmtfG9TuxFtU9K2qGdOQMLBKmbjwffe8+s3\n/6SMxzwL4SM4+/+gwEbhaGIwLZ68K6DXOkI5S4lWy7G6JbieeYCAiYygu88QZ/Jc\nbeA/TCf0BupDnVLODJ2hVbRFwhNynEUId/9Yt+hGKrDMAACIKG4w2YRJ+OKt+IOM\n9eUDQ+ZDw/AMhNM7HDlc0YuH/URL4C3nZy7Kg/pi0HO9eoEf0QkyCJ7CIY6IO9x1\n1D5PzXhkgBbToDq5vIlTrTKFlxH9WYlvL3Ikei2s1DlcdgslphEfaofycRbpDFzU\nuK6pbX0cX3Ij6PxIWm3tKGYR8YY5X+fPZulSQS9GZMNyxpWI0Dt9CrPSAHs8ztoS\nzOskHU8u/womYj2gETmAOFeOn2gnO+PqAvj3sTs/FsGty/50BU3hxkGqCcmOiu9z\nGA0tmKJM76xvid7MN9E7qq8nGPPuctBBt3Ap5t6AcugAPdpT8xpp/rrP1Y9UTLpN\n88kgZt0cB6lGhqQYN5eDQD6E3E1HekRFSazPBUNYfgRdqczpyTlaqy4icS2XUdtu\nEz4O+ZAIRTqpkTAMHgW/jsAXClnBwTSnYct2VVMx6ARNx1ub+QKCAQEA2H0OUt+R\ncgyltDfS7S46Sp2BThOw6iMD30aBxVjcj2ELpSc8KAGrGBn9x4/MxrauRUnVqMqo\nMj6I611i9lohryBLvSy1s2xks6jcKk4H2CRcWvycWPAo7Xk6pG3saDH/GPW4CpkQ\nK4Jdm1KWIcKJwVA1h4zFWbENA6g8t0o8EovUuvE0fC0GYuj1sgPf4gz5uCxJ204F\ntPg26iyFR5m8z+PZvJbxkoF71806kjXQW8wbnNEePW4nl62CpHuupOavD0a1fgOK\nRZXo50pCWOfTfoxj8ffN+pyq6iJF8nCMyhGwMhP0PmE01fJDvFECHTrpikSZFRCH\nO9WYTw5vnaZe5wKCAQEA/4mWXJGgNi2GbpLDoRptRwgM9LcoiDsRKNAnrkJeR59Q\nfR5MDou7ivI4ZbHOK5VO0XrUs9+SEm+2RElBycs5lauxrkPH9OC+mx8vNoBAqU5m\nhAlVZEjIb+3LCkfhL3f2O6ByTfDy8Rk0aH1/qmLQYEBl+bT4spGEQmgmiMcrJdr8\n6kv3wDVWWVe+g0olYTRi4l2Sqd06H2qAfAajps//YRQblbVObZJUlrPd+NRfY+FV\niCPDPf8U4TvaHOaeiA8N0JYav//sg2xYXIsk1u9NWjmFADekcEiCsdsKYM0zbJkh\ninc6g7EFoLvUA9p1hJP+R5rk5hAdy9hn0qMQfof1fQKCAQBW/8Ke2UuY+q4ow3pX\naIlybOOG3fDt1s56jtod1b0lPYmxgBfzt9/rGp7a8NYJUWatX6OmZnK7ZlgdxfS8\nLbJ1r1PgnTQT+85oSMbZlWwfl1UqF3Q5ZaH89Qf1BlvH77elbzHbyHEwGv7FKaY9\nwPEdJ7+rTo4MolMpkhV8Ty/fACSoT8CY2ntDin0aYeY58J72PY4cvLkcZdejueqB\nwK2ZGebpm/tOtgxvyADuuwOVsGu0VHGDnF363Xav5ShlCnN1fyP2lTOfDUSAll4d\nXmSm6YJMvhofyZAB8W4MpOBfYEZfiZdQ7j2OcQJ5jlB8MK2jrDecuHywNgE0XAfM\n4gwnAoIBAQD5u0znSqp4SCWJCoWFfH4vXP7MafOCr7clW8hr1RCujlPq8yEBVi4C\nrJXRTONgVJqivpgA8g2fVu2Z7r4MqD+utgz/cd6IwtuEXgWWDeEjlSs6/qQlTbwV\nJx+2/GhmK6bIvxT2dvP2C9vcAkoyCj/60PTYBLTITs4i2AZQxdS1Oj7R+0w02+t3\nhPj69gtx4/B/qVMcDsguy7alfxeQftXl2fDbbkUncEqavU3BUEupIR6l3c2BWTje\npc+TTw6/iXbG0utxmHtcNRZl2tY198hw1KXWgIqD8VlI1/hcgi4vg7fzynG1IduO\nKgIZgfY3iyqGcCojbLyx6twMTrBf+B9BAoIBAQDJahpRXJWlsGCdjgsClAdcJwBL\nuGqhd4nOBdGpw0VzJOBDfA5rhlkL/ftgGJXpJMSKm3Ziq/u7ZCSEtF6WTwtYU7PG\nCabHEaBTejWwYXDlJsokTynogOAZoDBf2NcpQqUKYyYViXHSgzaudicjWN363rve\nJPWox338i9QFSvTtfw/kPG/whnWt4bb7BuWkCPYaaXALGagdKmznxSFz3WE3sYVl\n8OMEruKe70XYEGQ2DQ2mMZWIk4yXHLI32nHsEjuZE/idMy2S0t3jbkf4S7HqSo+Z\ndeQFkBvbGKSWo/JucyLjLf1dDfKfUWrrEqb5bK7MeieF5xTtpGMRaevDfkys\n-----END RSA PRIVATE KEY-----\n",
            "public_key_fingerprint_md5": "c2:5f:36:d4:ba:ab:6c:24:dd:fd:10:cd:9d:07:6c:b5",
            "public_key_openssh": "ssh-rsa AAAAB3NzaC1yc2EAAAADAQABAAACAQDYGOtYxYeLTvgIqkLWSln0GtNn0By7RWl/q4DIY8Bl5ZmeXX1slrRG/hW2/adQ2S4mwwpuXvgSXRKWPaePIYNY7EJcffVvycEsm7crpu7/M5nGCgaky2jcY9x2zFpraZts+TFkLEz5CQPON+SbdsnVc/dvu69LT/iNR4BIpFZEFR6Vx34BT+uz0D9Pp8rARXwi0U+zMl60jfiRlDpx1QaeOUNvYStmGo7OKdBEa/BvLoItWZDNYHOkqcMi9WH+NCKo6xX/CJSIXUjVvSWjFN+kYsccz5ZonuEiCfgHXv+Om+mSxwrFIKV9PQAHJcSTHqDSJMCzPj3v3VOz5DWKBBWuay0/WdiKJ9xCgqWQz3nQJmqXcSqGrkDrtVIhTgfe0UyI4/9DxRl1cZPZ1afq4B2rZI4W6lstpKoCFFgbTTB8cg85Fg5khkNgACeX4O9Wl/Y3FCFTlC/ddTSj9ZdaXMvURAuSypCJXeA0edJFM6vipNk8M/bYfw9VYs/IkV0ROWrp83auSevCuouGkwIMsdNLV43nb1eerTuSr2xIgsFN/T9J98bf7syg3mihjBQUNG14KwVHxOk740vMXEbczFcID2HDscNVbiawvcwUgVNslqzwVJxKPHvtX2i8+168MXfEWe3QuCVGjhI6YK0MPhzeMuSdW+nRV8YnL+dB8OBpyw==\n",
            "public_key_pem": "-----BEGIN PUBLIC KEY-----\nMIICIjANBgkqhkiG9w0BAQEFAAOCAg8AMIICCgKCAgEA2BjrWMWHi074CKpC1kpZ\n9BrTZ9Acu0Vpf6uAyGPAZeWZnl19bJa0Rv4Vtv2nUNkuJsMKbl74El0Slj2njyGD\nWOxCXH31b8nBLJu3K6bu/zOZxgoGpMto3GPcdsxaa2mbbPkxZCxM+QkDzjfkm3bJ\n1XP3b7uvS0/4jUeASKRWRBUelcd+AU/rs9A/T6fKwEV8ItFPszJetI34kZQ6cdUG\nnjlDb2ErZhqOzinQRGvwby6CLVmQzWBzpKnDIvVh/jQiqOsV/wiUiF1I1b0loxTf\npGLHHM+WaJ7hIgn4B17/jpvpkscKxSClfT0AByXEkx6g0iTAsz49791Ts+Q1igQV\nrmstP1nYiifcQoKlkM950CZql3Eqhq5A67VSIU4H3tFMiOP/Q8UZdXGT2dWn6uAd\nq2SOFupbLaSqAhRYG00wfHIPORYOZIZDYAAnl+DvVpf2NxQhU5Qv3XU0o/WXWlzL\n1EQLksqQiV3gNHnSRTOr4qTZPDP22H8PVWLPyJFdETlq6fN2rknrwrqLhpMCDLHT\nS1eN529Xnq07kq9sSILBTf0/SffG3+7MoN5ooYwUFDRteCsFR8TpO+NLzFxG3MxX\nCA9hw7HDVW4msL3MFIFTbJas8FScSjx77V9ovPtevDF3xFnt0LglRo4SOmCtDD4c\n3jLknVvp0VfGJy/nQfDgacsCAwEAAQ==\n-----END PUBLIC KEY-----\n",
            "rsa_bits": 4096
          },
          "sensitive_attributes": [],
          "private": "bnVsbA=="
        }
      ]
    }
  ]
}
